
Microsoft Visual Studio Solution File, Format Version 12.00
# Visual Studio Version 16
VisualStudioVersion = 16.0.31613.86
MinimumVisualStudioVersion = 10.0.40219.1
Project("{FAE04EC0-301F-11D3-BF4B-00C04F79EFBC}") = "pathfindin_dfs_bfs", "pathfindin_dfs_bfs\pathfindin_dfs_bfs.csproj", "{93F69F19-053F-4213-9E0B-FC4D049B8738}"
EndProject
Global
	GlobalSection(SolutionConfigurationPlatforms) = preSolution
		Debug|Any CPU = Debug|Any CPU
		Release|Any CPU = Release|Any CPU
	EndGlobalSection
	GlobalSection(ProjectConfigurationPlatforms) = postSolution
		{93F69F19-053F-4213-9E0B-FC4D049B8738}.Debug|Any CPU.ActiveCfg = Debug|Any CPU
		{93F69F19-053F-4213-9E0B-FC4D049B8738}.Debug|Any CPU.Build.0 = Debug|Any CPU
		{93F69F19-053F-4213-9E0B-FC4D049B8738}.Release|Any CPU.ActiveCfg = Release|Any CPU
		{93F69F19-053F-4213-9E0B-FC4D049B8738}.Release|Any CPU.Build.0 = Release|Any CPU
	EndGlobalSection
	GlobalSection(SolutionProperties) = preSolution
		HideSolutionNode = FALSE
	EndGlobalSection
	GlobalSection(ExtensibilityGlobals) = postSolution
		SolutionGuid = {79936760-5DEC-4736-8504-58A85CC172DD}
	EndGlobalSection
EndGlobal
